
Microsoft Visual Studio Solution File, Format Version 12.00
# Visual Studio Version 17
VisualStudioVersion = 17.13.35913.81
MinimumVisualStudioVersion = 10.0.40219.1
Project("{FAE04EC0-301F-11D3-BF4B-00C04F79EFBC}") = "EsimeneProjekt_LOGITge25_KF", "EsimeneProjekt_LOGITge25_KF\EsimeneProjekt_LOGITge25_KF.csproj", "{0782F5DE-2F6C-4E41-9E66-5EF68A75CADE}"
EndProject
Global
	GlobalSection(SolutionConfigurationPlatforms) = preSolution
		Debug|Any CPU = Debug|Any CPU
		Release|Any CPU = Release|Any CPU
	EndGlobalSection
	GlobalSection(ProjectConfigurationPlatforms) = postSolution
		{0782F5DE-2F6C-4E41-9E66-5EF68A75CADE}.Debug|Any CPU.ActiveCfg = Debug|Any CPU
		{0782F5DE-2F6C-4E41-9E66-5EF68A75CADE}.Debug|Any CPU.Build.0 = Debug|Any CPU
		{0782F5DE-2F6C-4E41-9E66-5EF68A75CADE}.Release|Any CPU.ActiveCfg = Release|Any CPU
		{0782F5DE-2F6C-4E41-9E66-5EF68A75CADE}.Release|Any CPU.Build.0 = Release|Any CPU
	EndGlobalSection
	GlobalSection(SolutionProperties) = preSolution
		HideSolutionNode = FALSE
	EndGlobalSection
	GlobalSection(ExtensibilityGlobals) = postSolution
		SolutionGuid = {5EAC814F-9E3D-462E-A0F0-9BF4B900D2CA}
	EndGlobalSection
EndGlobal
