
Microsoft Visual Studio Solution File, Format Version 12.00
# Visual Studio Version 17
VisualStudioVersion = 17.13.35913.81 d17.13
MinimumVisualStudioVersion = 10.0.40219.1
Project("{FAE04EC0-301F-11D3-BF4B-00C04F79EFBC}") = "K_Freirik_LOGITge25", "K_Freirik_LOGITge25.csproj", "{777678AF-C6D0-4DB4-A5F5-6F0FBCA7F74E}"
EndProject
Global
	GlobalSection(SolutionConfigurationPlatforms) = preSolution
		Debug|Any CPU = Debug|Any CPU
		Release|Any CPU = Release|Any CPU
	EndGlobalSection
	GlobalSection(ProjectConfigurationPlatforms) = postSolution
		{777678AF-C6D0-4DB4-A5F5-6F0FBCA7F74E}.Debug|Any CPU.ActiveCfg = Debug|Any CPU
		{777678AF-C6D0-4DB4-A5F5-6F0FBCA7F74E}.Debug|Any CPU.Build.0 = Debug|Any CPU
		{777678AF-C6D0-4DB4-A5F5-6F0FBCA7F74E}.Release|Any CPU.ActiveCfg = Release|Any CPU
		{777678AF-C6D0-4DB4-A5F5-6F0FBCA7F74E}.Release|Any CPU.Build.0 = Release|Any CPU
	EndGlobalSection
	GlobalSection(SolutionProperties) = preSolution
		HideSolutionNode = FALSE
	EndGlobalSection
	GlobalSection(ExtensibilityGlobals) = postSolution
		SolutionGuid = {16BC1C94-5180-41F3-A68D-002ACFAA8EC3}
	EndGlobalSection
EndGlobal
